// !$*UTF8*$!
{
	archiveVersion = 1;
	classes = {
	};
	objectVersion = 51;
	objects = {

/* Begin PBXBuildFile section */
		3917AED2E3E35C8CC0411F05 /* Pods_JWPlayer.framework in Frameworks */ = {isa = PBXBuildFile; fileRef = 407B7C0B1733B14EE78C3C85 /* Pods_JWPlayer.framework */; };
		6060B563BAA7412679D85428 /* Pods_JWPlayerTests.framework in Frameworks */ = {isa = PBXBuildFile; fileRef = C62E84B52BB66DFC5D9BA2A4 /* Pods_JWPlayerTests.framework */; };
		D1BA568024F93A6400988D05 /* AppDelegate.swift in Sources */ = {isa = PBXBuildFile; fileRef = D1BA567F24F93A6400988D05 /* AppDelegate.swift */; };
		D1BA568224F93A6400988D05 /* SceneDelegate.swift in Sources */ = {isa = PBXBuildFile; fileRef = D1BA568124F93A6400988D05 /* SceneDelegate.swift */; };
		D1BA568424F93A6400988D05 /* ViewController.swift in Sources */ = {isa = PBXBuildFile; fileRef = D1BA568324F93A6400988D05 /* ViewController.swift */; };
		D1BA568724F93A6400988D05 /* Main.storyboard in Resources */ = {isa = PBXBuildFile; fileRef = D1BA568524F93A6400988D05 /* Main.storyboard */; };
		D1BA568924F93A6700988D05 /* Assets.xcassets in Resources */ = {isa = PBXBuildFile; fileRef = D1BA568824F93A6700988D05 /* Assets.xcassets */; };
		D1BA568C24F93A6700988D05 /* LaunchScreen.storyboard in Resources */ = {isa = PBXBuildFile; fileRef = D1BA568A24F93A6700988D05 /* LaunchScreen.storyboard */; };
		D1BA569724F93A6700988D05 /* JWPlayerTests.swift in Sources */ = {isa = PBXBuildFile; fileRef = D1BA569624F93A6700988D05 /* JWPlayerTests.swift */; };
		D1BA56A224F93A6700988D05 /* JWPlayerUITests.swift in Sources */ = {isa = PBXBuildFile; fileRef = D1BA56A124F93A6700988D05 /* JWPlayerUITests.swift */; };
		F77788FF913CB38A084F31ED /* Pods_JWPlayer_JWPlayerUITests.framework in Frameworks */ = {isa = PBXBuildFile; fileRef = 7748B469FC3D6B8F8FA65046 /* Pods_JWPlayer_JWPlayerUITests.framework */; };
/* End PBXBuildFile section */

/* Begin PBXContainerItemProxy section */
		D1BA569324F93A6700988D05 /* PBXContainerItemProxy */ = {
			isa = PBXContainerItemProxy;
			containerPortal = D1BA567424F93A6400988D05 /* Project object */;
			proxyType = 1;
			remoteGlobalIDString = D1BA567B24F93A6400988D05;
			remoteInfo = JWPlayer;
		};
		D1BA569E24F93A6700988D05 /* PBXContainerItemProxy */ = {
			isa = PBXContainerItemProxy;
			containerPortal = D1BA567424F93A6400988D05 /* Project object */;
			proxyType = 1;
			remoteGlobalIDString = D1BA567B24F93A6400988D05;
			remoteInfo = JWPlayer;
		};
/* End PBXContainerItemProxy section */

/* Begin PBXFileReference section */
		2118BE977C689DEE397E1017 /* Pods-JWPlayer.release.xcconfig */ = {isa = PBXFileReference; includeInIndex = 1; lastKnownFileType = text.xcconfig; name = "Pods-JWPlayer.release.xcconfig"; path = "Target Support Files/Pods-JWPlayer/Pods-JWPlayer.release.xcconfig"; sourceTree = "<group>"; };
		407B7C0B1733B14EE78C3C85 /* Pods_JWPlayer.framework */ = {isa = PBXFileReference; explicitFileType = wrapper.framework; includeInIndex = 0; path = Pods_JWPlayer.framework; sourceTree = BUILT_PRODUCTS_DIR; };
		609DD7EACC9423565744B743 /* Pods-JWPlayer.debug.xcconfig */ = {isa = PBXFileReference; includeInIndex = 1; lastKnownFileType = text.xcconfig; name = "Pods-JWPlayer.debug.xcconfig"; path = "Target Support Files/Pods-JWPlayer/Pods-JWPlayer.debug.xcconfig"; sourceTree = "<group>"; };
		7748B469FC3D6B8F8FA65046 /* Pods_JWPlayer_JWPlayerUITests.framework */ = {isa = PBXFileReference; explicitFileType = wrapper.framework; includeInIndex = 0; path = Pods_JWPlayer_JWPlayerUITests.framework; sourceTree = BUILT_PRODUCTS_DIR; };
		7D891664023B65E44ED8592D /* Pods-JWPlayerTests.debug.xcconfig */ = {isa = PBXFileReference; includeInIndex = 1; lastKnownFileType = text.xcconfig; name = "Pods-JWPlayerTests.debug.xcconfig"; path = "Target Support Files/Pods-JWPlayerTests/Pods-JWPlayerTests.debug.xcconfig"; sourceTree = "<group>"; };
		95AEFE3D88A9C4548E4CEBC5 /* Pods-JWPlayer-JWPlayerUITests.debug.xcconfig */ = {isa = PBXFileReference; includeInIndex = 1; lastKnownFileType = text.xcconfig; name = "Pods-JWPlayer-JWPlayerUITests.debug.xcconfig"; path = "Target Support Files/Pods-JWPlayer-JWPlayerUITests/Pods-JWPlayer-JWPlayerUITests.debug.xcconfig"; sourceTree = "<group>"; };
		C0E2D88F9FE4313B1158727F /* Pods-JWPlayerTests.release.xcconfig */ = {isa = PBXFileReference; includeInIndex = 1; lastKnownFileType = text.xcconfig; name = "Pods-JWPlayerTests.release.xcconfig"; path = "Target Support Files/Pods-JWPlayerTests/Pods-JWPlayerTests.release.xcconfig"; sourceTree = "<group>"; };
		C62E84B52BB66DFC5D9BA2A4 /* Pods_JWPlayerTests.framework */ = {isa = PBXFileReference; explicitFileType = wrapper.framework; includeInIndex = 0; path = Pods_JWPlayerTests.framework; sourceTree = BUILT_PRODUCTS_DIR; };
		D1BA567C24F93A6400988D05 /* JWPlayer.app */ = {isa = PBXFileReference; explicitFileType = wrapper.application; includeInIndex = 0; path = JWPlayer.app; sourceTree = BUILT_PRODUCTS_DIR; };
		D1BA567F24F93A6400988D05 /* AppDelegate.swift */ = {isa = PBXFileReference; lastKnownFileType = sourcecode.swift; path = AppDelegate.swift; sourceTree = "<group>"; };
		D1BA568124F93A6400988D05 /* SceneDelegate.swift */ = {isa = PBXFileReference; lastKnownFileType = sourcecode.swift; path = SceneDelegate.swift; sourceTree = "<group>"; };
		D1BA568324F93A6400988D05 /* ViewController.swift */ = {isa = PBXFileReference; lastKnownFileType = sourcecode.swift; path = ViewController.swift; sourceTree = "<group>"; };
		D1BA568624F93A6400988D05 /* Base */ = {isa = PBXFileReference; lastKnownFileType = file.storyboard; name = Base; path = Base.lproj/Main.storyboard; sourceTree = "<group>"; };
		D1BA568824F93A6700988D05 /* Assets.xcassets */ = {isa = PBXFileReference; lastKnownFileType = folder.assetcatalog; path = Assets.xcassets; sourceTree = "<group>"; };
		D1BA568B24F93A6700988D05 /* Base */ = {isa = PBXFileReference; lastKnownFileType = file.storyboard; name = Base; path = Base.lproj/LaunchScreen.storyboard; sourceTree = "<group>"; };
		D1BA568D24F93A6700988D05 /* Info.plist */ = {isa = PBXFileReference; lastKnownFileType = text.plist.xml; path = Info.plist; sourceTree = "<group>"; };
		D1BA569224F93A6700988D05 /* JWPlayerTests.xctest */ = {isa = PBXFileReference; explicitFileType = wrapper.cfbundle; includeInIndex = 0; path = JWPlayerTests.xctest; sourceTree = BUILT_PRODUCTS_DIR; };
		D1BA569624F93A6700988D05 /* JWPlayerTests.swift */ = {isa = PBXFileReference; lastKnownFileType = sourcecode.swift; path = JWPlayerTests.swift; sourceTree = "<group>"; };
		D1BA569824F93A6700988D05 /* Info.plist */ = {isa = PBXFileReference; lastKnownFileType = text.plist.xml; path = Info.plist; sourceTree = "<group>"; };
		D1BA569D24F93A6700988D05 /* JWPlayerUITests.xctest */ = {isa = PBXFileReference; explicitFileType = wrapper.cfbundle; includeInIndex = 0; path = JWPlayerUITests.xctest; sourceTree = BUILT_PRODUCTS_DIR; };
		D1BA56A124F93A6700988D05 /* JWPlayerUITests.swift */ = {isa = PBXFileReference; lastKnownFileType = sourcecode.swift; path = JWPlayerUITests.swift; sourceTree = "<group>"; };
		D1BA56A324F93A6700988D05 /* Info.plist */ = {isa = PBXFileReference; lastKnownFileType = text.plist.xml; path = Info.plist; sourceTree = "<group>"; };
		D1BA56B024F95EAA00988D05 /* JWPlayer-Bridging-Header.h */ = {isa = PBXFileReference; lastKnownFileType = sourcecode.c.h; path = "JWPlayer-Bridging-Header.h"; sourceTree = "<group>"; };
		EEA3CAA77F6F29A1C1496C4D /* Pods-JWPlayer-JWPlayerUITests.release.xcconfig */ = {isa = PBXFileReference; includeInIndex = 1; lastKnownFileType = text.xcconfig; name = "Pods-JWPlayer-JWPlayerUITests.release.xcconfig"; path = "Target Support Files/Pods-JWPlayer-JWPlayerUITests/Pods-JWPlayer-JWPlayerUITests.release.xcconfig"; sourceTree = "<group>"; };
/* End PBXFileReference section */

/* Begin PBXFrameworksBuildPhase section */
		D1BA567924F93A6400988D05 /* Frameworks */ = {
			isa = PBXFrameworksBuildPhase;
			buildActionMask = 2147483647;
			files = (
				3917AED2E3E35C8CC0411F05 /* Pods_JWPlayer.framework in Frameworks */,
			);
			runOnlyForDeploymentPostprocessing = 0;
		};
		D1BA568F24F93A6700988D05 /* Frameworks */ = {
			isa = PBXFrameworksBuildPhase;
			buildActionMask = 2147483647;
			files = (
				6060B563BAA7412679D85428 /* Pods_JWPlayerTests.framework in Frameworks */,
			);
			runOnlyForDeploymentPostprocessing = 0;
		};
		D1BA569A24F93A6700988D05 /* Frameworks */ = {
			isa = PBXFrameworksBuildPhase;
			buildActionMask = 2147483647;
			files = (
				F77788FF913CB38A084F31ED /* Pods_JWPlayer_JWPlayerUITests.framework in Frameworks */,
			);
			runOnlyForDeploymentPostprocessing = 0;
		};
/* End PBXFrameworksBuildPhase section */

/* Begin PBXGroup section */
		86F03945BE9F886EF6B767DE /* Frameworks */ = {
			isa = PBXGroup;
			children = (
				407B7C0B1733B14EE78C3C85 /* Pods_JWPlayer.framework */,
				7748B469FC3D6B8F8FA65046 /* Pods_JWPlayer_JWPlayerUITests.framework */,
				C62E84B52BB66DFC5D9BA2A4 /* Pods_JWPlayerTests.framework */,
			);
			name = Frameworks;
			sourceTree = "<group>";
		};
		C219E3DAFA6C837A75FFEA64 /* Pods */ = {
			isa = PBXGroup;
			children = (
				609DD7EACC9423565744B743 /* Pods-JWPlayer.debug.xcconfig */,
				2118BE977C689DEE397E1017 /* Pods-JWPlayer.release.xcconfig */,
				95AEFE3D88A9C4548E4CEBC5 /* Pods-JWPlayer-JWPlayerUITests.debug.xcconfig */,
				EEA3CAA77F6F29A1C1496C4D /* Pods-JWPlayer-JWPlayerUITests.release.xcconfig */,
				7D891664023B65E44ED8592D /* Pods-JWPlayerTests.debug.xcconfig */,
				C0E2D88F9FE4313B1158727F /* Pods-JWPlayerTests.release.xcconfig */,
			);
			path = Pods;
			sourceTree = "<group>";
		};
		D1BA567324F93A6400988D05 = {
			isa = PBXGroup;
			children = (
				D1BA567E24F93A6400988D05 /* JWPlayer */,
				D1BA569524F93A6700988D05 /* JWPlayerTests */,
				D1BA56A024F93A6700988D05 /* JWPlayerUITests */,
				D1BA567D24F93A6400988D05 /* Products */,
				C219E3DAFA6C837A75FFEA64 /* Pods */,
				86F03945BE9F886EF6B767DE /* Frameworks */,
			);
			sourceTree = "<group>";
		};
		D1BA567D24F93A6400988D05 /* Products */ = {
			isa = PBXGroup;
			children = (
				D1BA567C24F93A6400988D05 /* JWPlayer.app */,
				D1BA569224F93A6700988D05 /* JWPlayerTests.xctest */,
				D1BA569D24F93A6700988D05 /* JWPlayerUITests.xctest */,
			);
			name = Products;
			sourceTree = "<group>";
		};
		D1BA567E24F93A6400988D05 /* JWPlayer */ = {
			isa = PBXGroup;
			children = (
				D1BA567F24F93A6400988D05 /* AppDelegate.swift */,
				D1BA568124F93A6400988D05 /* SceneDelegate.swift */,
				D1BA568324F93A6400988D05 /* ViewController.swift */,
				D1BA568524F93A6400988D05 /* Main.storyboard */,
				D1BA568824F93A6700988D05 /* Assets.xcassets */,
				D1BA568A24F93A6700988D05 /* LaunchScreen.storyboard */,
				D1BA568D24F93A6700988D05 /* Info.plist */,
				D1BA56B024F95EAA00988D05 /* JWPlayer-Bridging-Header.h */,
			);
			path = JWPlayer;
			sourceTree = "<group>";
		};
		D1BA569524F93A6700988D05 /* JWPlayerTests */ = {
			isa = PBXGroup;
			children = (
				D1BA569624F93A6700988D05 /* JWPlayerTests.swift */,
				D1BA569824F93A6700988D05 /* Info.plist */,
			);
			path = JWPlayerTests;
			sourceTree = "<group>";
		};
		D1BA56A024F93A6700988D05 /* JWPlayerUITests */ = {
			isa = PBXGroup;
			children = (
				D1BA56A124F93A6700988D05 /* JWPlayerUITests.swift */,
				D1BA56A324F93A6700988D05 /* Info.plist */,
			);
			path = JWPlayerUITests;
			sourceTree = "<group>";
		};
/* End PBXGroup section */

/* Begin PBXNativeTarget section */
		D1BA567B24F93A6400988D05 /* JWPlayer */ = {
			isa = PBXNativeTarget;
			buildConfigurationList = D1BA56A624F93A6700988D05 /* Build configuration list for PBXNativeTarget "JWPlayer" */;
			buildPhases = (
				5453054FE2CBCE988709C04E /* [CP] Check Pods Manifest.lock */,
				D1BA567824F93A6400988D05 /* Sources */,
				D1BA567924F93A6400988D05 /* Frameworks */,
				D1BA567A24F93A6400988D05 /* Resources */,
				81A96A117E3AD2EC732B06A9 /* [CP] Embed Pods Frameworks */,
				500AF946394BDE33BC739E80 /* [CP] Copy Pods Resources */,
			);
			buildRules = (
			);
			dependencies = (
			);
			name = JWPlayer;
			productName = JWPlayer;
			productReference = D1BA567C24F93A6400988D05 /* JWPlayer.app */;
			productType = "com.apple.product-type.application";
		};
		D1BA569124F93A6700988D05 /* JWPlayerTests */ = {
			isa = PBXNativeTarget;
			buildConfigurationList = D1BA56A924F93A6700988D05 /* Build configuration list for PBXNativeTarget "JWPlayerTests" */;
			buildPhases = (
				3A31B3E7327CA366BC9682AD /* [CP] Check Pods Manifest.lock */,
				D1BA568E24F93A6700988D05 /* Sources */,
				D1BA568F24F93A6700988D05 /* Frameworks */,
				D1BA569024F93A6700988D05 /* Resources */,
			);
			buildRules = (
			);
			dependencies = (
				D1BA569424F93A6700988D05 /* PBXTargetDependency */,
			);
			name = JWPlayerTests;
			productName = JWPlayerTests;
			productReference = D1BA569224F93A6700988D05 /* JWPlayerTests.xctest */;
			productType = "com.apple.product-type.bundle.unit-test";
		};
		D1BA569C24F93A6700988D05 /* JWPlayerUITests */ = {
			isa = PBXNativeTarget;
			buildConfigurationList = D1BA56AC24F93A6700988D05 /* Build configuration list for PBXNativeTarget "JWPlayerUITests" */;
			buildPhases = (
				05DA8516001A841F8EDB1455 /* [CP] Check Pods Manifest.lock */,
				D1BA569924F93A6700988D05 /* Sources */,
				D1BA569A24F93A6700988D05 /* Frameworks */,
				D1BA569B24F93A6700988D05 /* Resources */,
				27E6F57CBED8AFC5EA134A71 /* [CP] Embed Pods Frameworks */,
				F030FF960FB7530FDED767B0 /* [CP] Copy Pods Resources */,
			);
			buildRules = (
			);
			dependencies = (
				D1BA569F24F93A6700988D05 /* PBXTargetDependency */,
			);
			name = JWPlayerUITests;
			productName = JWPlayerUITests;
			productReference = D1BA569D24F93A6700988D05 /* JWPlayerUITests.xctest */;
			productType = "com.apple.product-type.bundle.ui-testing";
		};
/* End PBXNativeTarget section */

/* Begin PBXProject section */
		D1BA567424F93A6400988D05 /* Project object */ = {
			isa = PBXProject;
			attributes = {
				LastSwiftUpdateCheck = 1160;
				LastUpgradeCheck = 1160;
				ORGANIZATIONNAME = "Alejandro Parra";
				TargetAttributes = {
					D1BA567B24F93A6400988D05 = {
						CreatedOnToolsVersion = 11.6;
						LastSwiftMigration = 1160;
					};
					D1BA569124F93A6700988D05 = {
						CreatedOnToolsVersion = 11.6;
						TestTargetID = D1BA567B24F93A6400988D05;
					};
					D1BA569C24F93A6700988D05 = {
						CreatedOnToolsVersion = 11.6;
						TestTargetID = D1BA567B24F93A6400988D05;
					};
				};
			};
			buildConfigurationList = D1BA567724F93A6400988D05 /* Build configuration list for PBXProject "JWPlayer" */;
			compatibilityVersion = "Xcode 9.3";
			developmentRegion = en;
			hasScannedForEncodings = 0;
			knownRegions = (
				en,
				Base,
			);
			mainGroup = D1BA567324F93A6400988D05;
			productRefGroup = D1BA567D24F93A6400988D05 /* Products */;
			projectDirPath = "";
			projectRoot = "";
			targets = (
				D1BA567B24F93A6400988D05 /* JWPlayer */,
				D1BA569124F93A6700988D05 /* JWPlayerTests */,
				D1BA569C24F93A6700988D05 /* JWPlayerUITests */,
			);
		};
/* End PBXProject section */

/* Begin PBXResourcesBuildPhase section */
		D1BA567A24F93A6400988D05 /* Resources */ = {
			isa = PBXResourcesBuildPhase;
			buildActionMask = 2147483647;
			files = (
				D1BA568C24F93A6700988D05 /* LaunchScreen.storyboard in Resources */,
				D1BA568924F93A6700988D05 /* Assets.xcassets in Resources */,
				D1BA568724F93A6400988D05 /* Main.storyboard in Resources */,
			);
			runOnlyForDeploymentPostprocessing = 0;
		};
		D1BA569024F93A6700988D05 /* Resources */ = {
			isa = PBXResourcesBuildPhase;
			buildActionMask = 2147483647;
			files = (
			);
			runOnlyForDeploymentPostprocessing = 0;
		};
		D1BA569B24F93A6700988D05 /* Resources */ = {
			isa = PBXResourcesBuildPhase;
			buildActionMask = 2147483647;
			files = (
			);
			runOnlyForDeploymentPostprocessing = 0;
		};
/* End PBXResourcesBuildPhase section */

/* Begin PBXShellScriptBuildPhase section */
		05DA8516001A841F8EDB1455 /* [CP] Check Pods Manifest.lock */ = {
			isa = PBXShellScriptBuildPhase;
			buildActionMask = 2147483647;
			files = (
			);
			inputFileListPaths = (
			);
			inputPaths = (
				"${PODS_PODFILE_DIR_PATH}/Podfile.lock",
				"${PODS_ROOT}/Manifest.lock",
			);
			name = "[CP] Check Pods Manifest.lock";
			outputFileListPaths = (
			);
			outputPaths = (
				"$(DERIVED_FILE_DIR)/Pods-JWPlayer-JWPlayerUITests-checkManifestLockResult.txt",
			);
			runOnlyForDeploymentPostprocessing = 0;
			shellPath = /bin/sh;
			shellScript = "diff \"${PODS_PODFILE_DIR_PATH}/Podfile.lock\" \"${PODS_ROOT}/Manifest.lock\" > /dev/null\nif [ $? != 0 ] ; then\n    # print error to STDERR\n    echo \"error: The sandbox is not in sync with the Podfile.lock. Run 'pod install' or update your CocoaPods installation.\" >&2\n    exit 1\nfi\n# This output is used by Xcode 'outputs' to avoid re-running this script phase.\necho \"SUCCESS\" > \"${SCRIPT_OUTPUT_FILE_0}\"\n";
			showEnvVarsInLog = 0;
		};
		27E6F57CBED8AFC5EA134A71 /* [CP] Embed Pods Frameworks */ = {
			isa = PBXShellScriptBuildPhase;
			buildActionMask = 2147483647;
			files = (
			);
			inputFileListPaths = (
				"${PODS_ROOT}/Target Support Files/Pods-JWPlayer-JWPlayerUITests/Pods-JWPlayer-JWPlayerUITests-frameworks-${CONFIGURATION}-input-files.xcfilelist",
			);
			name = "[CP] Embed Pods Frameworks";
			outputFileListPaths = (
				"${PODS_ROOT}/Target Support Files/Pods-JWPlayer-JWPlayerUITests/Pods-JWPlayer-JWPlayerUITests-frameworks-${CONFIGURATION}-output-files.xcfilelist",
			);
			runOnlyForDeploymentPostprocessing = 0;
			shellPath = /bin/sh;
			shellScript = "\"${PODS_ROOT}/Target Support Files/Pods-JWPlayer-JWPlayerUITests/Pods-JWPlayer-JWPlayerUITests-frameworks.sh\"\n";
			showEnvVarsInLog = 0;
		};
		3A31B3E7327CA366BC9682AD /* [CP] Check Pods Manifest.lock */ = {
			isa = PBXShellScriptBuildPhase;
			buildActionMask = 2147483647;
			files = (
			);
			inputFileListPaths = (
			);
			inputPaths = (
				"${PODS_PODFILE_DIR_PATH}/Podfile.lock",
				"${PODS_ROOT}/Manifest.lock",
			);
			name = "[CP] Check Pods Manifest.lock";
			outputFileListPaths = (
			);
			outputPaths = (
				"$(DERIVED_FILE_DIR)/Pods-JWPlayerTests-checkManifestLockResult.txt",
			);
			runOnlyForDeploymentPostprocessing = 0;
			shellPath = /bin/sh;
			shellScript = "diff \"${PODS_PODFILE_DIR_PATH}/Podfile.lock\" \"${PODS_ROOT}/Manifest.lock\" > /dev/null\nif [ $? != 0 ] ; then\n    # print error to STDERR\n    echo \"error: The sandbox is not in sync with the Podfile.lock. Run 'pod install' or update your CocoaPods installation.\" >&2\n    exit 1\nfi\n# This output is used by Xcode 'outputs' to avoid re-running this script phase.\necho \"SUCCESS\" > \"${SCRIPT_OUTPUT_FILE_0}\"\n";
			showEnvVarsInLog = 0;
		};
		500AF946394BDE33BC739E80 /* [CP] Copy Pods Resources */ = {
			isa = PBXShellScriptBuildPhase;
			buildActionMask = 2147483647;
			files = (
			);
			inputFileListPaths = (
				"${PODS_ROOT}/Target Support Files/Pods-JWPlayer/Pods-JWPlayer-resources-${CONFIGURATION}-input-files.xcfilelist",
			);
			name = "[CP] Copy Pods Resources";
			outputFileListPaths = (
				"${PODS_ROOT}/Target Support Files/Pods-JWPlayer/Pods-JWPlayer-resources-${CONFIGURATION}-output-files.xcfilelist",
			);
			runOnlyForDeploymentPostprocessing = 0;
			shellPath = /bin/sh;
			shellScript = "\"${PODS_ROOT}/Target Support Files/Pods-JWPlayer/Pods-JWPlayer-resources.sh\"\n";
			showEnvVarsInLog = 0;
		};
		5453054FE2CBCE988709C04E /* [CP] Check Pods Manifest.lock */ = {
			isa = PBXShellScriptBuildPhase;
			buildActionMask = 2147483647;
			files = (
			);
			inputFileListPaths = (
			);
			inputPaths = (
				"${PODS_PODFILE_DIR_PATH}/Podfile.lock",
				"${PODS_ROOT}/Manifest.lock",
			);
			name = "[CP] Check Pods Manifest.lock";
			outputFileListPaths = (
			);
			outputPaths = (
				"$(DERIVED_FILE_DIR)/Pods-JWPlayer-checkManifestLockResult.txt",
			);
			runOnlyForDeploymentPostprocessing = 0;
			shellPath = /bin/sh;
			shellScript = "diff \"${PODS_PODFILE_DIR_PATH}/Podfile.lock\" \"${PODS_ROOT}/Manifest.lock\" > /dev/null\nif [ $? != 0 ] ; then\n    # print error to STDERR\n    echo \"error: The sandbox is not in sync with the Podfile.lock. Run 'pod install' or update your CocoaPods installation.\" >&2\n    exit 1\nfi\n# This output is used by Xcode 'outputs' to avoid re-running this script phase.\necho \"SUCCESS\" > \"${SCRIPT_OUTPUT_FILE_0}\"\n";
			showEnvVarsInLog = 0;
		};
		81A96A117E3AD2EC732B06A9 /* [CP] Embed Pods Frameworks */ = {
			isa = PBXShellScriptBuildPhase;
			buildActionMask = 2147483647;
			files = (
			);
			inputFileListPaths = (
				"${PODS_ROOT}/Target Support Files/Pods-JWPlayer/Pods-JWPlayer-frameworks-${CONFIGURATION}-input-files.xcfilelist",
			);
			name = "[CP] Embed Pods Frameworks";
			outputFileListPaths = (
				"${PODS_ROOT}/Target Support Files/Pods-JWPlayer/Pods-JWPlayer-frameworks-${CONFIGURATION}-output-files.xcfilelist",
			);
			runOnlyForDeploymentPostprocessing = 0;
			shellPath = /bin/sh;
			shellScript = "\"${PODS_ROOT}/Target Support Files/Pods-JWPlayer/Pods-JWPlayer-frameworks.sh\"\n";
			showEnvVarsInLog = 0;
		};
		F030FF960FB7530FDED767B0 /* [CP] Copy Pods Resources */ = {
			isa = PBXShellScriptBuildPhase;
			buildActionMask = 2147483647;
			files = (
			);
			inputFileListPaths = (
				"${PODS_ROOT}/Target Support Files/Pods-JWPlayer-JWPlayerUITests/Pods-JWPlayer-JWPlayerUITests-resources-${CONFIGURATION}-input-files.xcfilelist",
			);
			name = "[CP] Copy Pods Resources";
			outputFileListPaths = (
				"${PODS_ROOT}/Target Support Files/Pods-JWPlayer-JWPlayerUITests/Pods-JWPlayer-JWPlayerUITests-resources-${CONFIGURATION}-output-files.xcfilelist",
			);
			runOnlyForDeploymentPostprocessing = 0;
			shellPath = /bin/sh;
			shellScript = "\"${PODS_ROOT}/Target Support Files/Pods-JWPlayer-JWPlayerUITests/Pods-JWPlayer-JWPlayerUITests-resources.sh\"\n";
			showEnvVarsInLog = 0;
		};
/* End PBXShellScriptBuildPhase section */

/* Begin PBXSourcesBuildPhase section */
		D1BA567824F93A6400988D05 /* Sources */ = {
			isa = PBXSourcesBuildPhase;
			buildActionMask = 2147483647;
			files = (
				D1BA568424F93A6400988D05 /* ViewController.swift in Sources */,
				D1BA568024F93A6400988D05 /* AppDelegate.swift in Sources */,
				D1BA568224F93A6400988D05 /* SceneDelegate.swift in Sources */,
			);
			runOnlyForDeploymentPostprocessing = 0;
		};
		D1BA568E24F93A6700988D05 /* Sources */ = {
			isa = PBXSourcesBuildPhase;
			buildActionMask = 2147483647;
			files = (
				D1BA569724F93A6700988D05 /* JWPlayerTests.swift in Sources */,
			);
			runOnlyForDeploymentPostprocessing = 0;
		};
		D1BA569924F93A6700988D05 /* Sources */ = {
			isa = PBXSourcesBuildPhase;
			buildActionMask = 2147483647;
			files = (
				D1BA56A224F93A6700988D05 /* JWPlayerUITests.swift in Sources */,
			);
			runOnlyForDeploymentPostprocessing = 0;
		};
/* End PBXSourcesBuildPhase section */

/* Begin PBXTargetDependency section */
		D1BA569424F93A6700988D05 /* PBXTargetDependency */ = {
			isa = PBXTargetDependency;
			target = D1BA567B24F93A6400988D05 /* JWPlayer */;
			targetProxy = D1BA569324F93A6700988D05 /* PBXContainerItemProxy */;
		};
		D1BA569F24F93A6700988D05 /* PBXTargetDependency */ = {
			isa = PBXTargetDependency;
			target = D1BA567B24F93A6400988D05 /* JWPlayer */;
			targetProxy = D1BA569E24F93A6700988D05 /* PBXContainerItemProxy */;
		};
/* End PBXTargetDependency section */

/* Begin PBXVariantGroup section */
		D1BA568524F93A6400988D05 /* Main.storyboard */ = {
			isa = PBXVariantGroup;
			children = (
				D1BA568624F93A6400988D05 /* Base */,
			);
			name = Main.storyboard;
			sourceTree = "<group>";
		};
		D1BA568A24F93A6700988D05 /* LaunchScreen.storyboard */ = {
			isa = PBXVariantGroup;
			children = (
				D1BA568B24F93A6700988D05 /* Base */,
			);
			name = LaunchScreen.storyboard;
			sourceTree = "<group>";
		};
/* End PBXVariantGroup section */

/* Begin XCBuildConfiguration section */
		D1BA56A424F93A6700988D05 /* Debug */ = {
			isa = XCBuildConfiguration;
			buildSettings = {
				ALWAYS_SEARCH_USER_PATHS = NO;
				CLANG_ANALYZER_NONNULL = YES;
				CLANG_ANALYZER_NUMBER_OBJECT_CONVERSION = YES_AGGRESSIVE;
				CLANG_CXX_LANGUAGE_STANDARD = "gnu++14";
				CLANG_CXX_LIBRARY = "libc++";
				CLANG_ENABLE_MODULES = YES;
				CLANG_ENABLE_OBJC_ARC = YES;
				CLANG_ENABLE_OBJC_WEAK = YES;
				CLANG_WARN_BLOCK_CAPTURE_AUTORELEASING = YES;
				CLANG_WARN_BOOL_CONVERSION = YES;
				CLANG_WARN_COMMA = YES;
				CLANG_WARN_CONSTANT_CONVERSION = YES;
				CLANG_WARN_DEPRECATED_OBJC_IMPLEMENTATIONS = YES;
				CLANG_WARN_DIRECT_OBJC_ISA_USAGE = YES_ERROR;
				CLANG_WARN_DOCUMENTATION_COMMENTS = YES;
				CLANG_WARN_EMPTY_BODY = YES;
				CLANG_WARN_ENUM_CONVERSION = YES;
				CLANG_WARN_INFINITE_RECURSION = YES;
				CLANG_WARN_INT_CONVERSION = YES;
				CLANG_WARN_NON_LITERAL_NULL_CONVERSION = YES;
				CLANG_WARN_OBJC_IMPLICIT_RETAIN_SELF = YES;
				CLANG_WARN_OBJC_LITERAL_CONVERSION = YES;
				CLANG_WARN_OBJC_ROOT_CLASS = YES_ERROR;
				CLANG_WARN_RANGE_LOOP_ANALYSIS = YES;
				CLANG_WARN_STRICT_PROTOTYPES = YES;
				CLANG_WARN_SUSPICIOUS_MOVE = YES;
				CLANG_WARN_UNGUARDED_AVAILABILITY = YES_AGGRESSIVE;
				CLANG_WARN_UNREACHABLE_CODE = YES;
				CLANG_WARN__DUPLICATE_METHOD_MATCH = YES;
				COPY_PHASE_STRIP = NO;
				DEBUG_INFORMATION_FORMAT = dwarf;
				ENABLE_STRICT_OBJC_MSGSEND = YES;
				ENABLE_TESTABILITY = YES;
				GCC_C_LANGUAGE_STANDARD = gnu11;
				GCC_DYNAMIC_NO_PIC = NO;
				GCC_NO_COMMON_BLOCKS = YES;
				GCC_OPTIMIZATION_LEVEL = 0;
				GCC_PREPROCESSOR_DEFINITIONS = (
					"DEBUG=1",
					"$(inherited)",
				);
				GCC_WARN_64_TO_32_BIT_CONVERSION = YES;
				GCC_WARN_ABOUT_RETURN_TYPE = YES_ERROR;
				GCC_WARN_UNDECLARED_SELECTOR = YES;
				GCC_WARN_UNINITIALIZED_AUTOS = YES_AGGRESSIVE;
				GCC_WARN_UNUSED_FUNCTION = YES;
				GCC_WARN_UNUSED_VARIABLE = YES;
				IPHONEOS_DEPLOYMENT_TARGET = 13.6;
				MTL_ENABLE_DEBUG_INFO = INCLUDE_SOURCE;
				MTL_FAST_MATH = YES;
				ONLY_ACTIVE_ARCH = YES;
				SDKROOT = iphoneos;
				SWIFT_ACTIVE_COMPILATION_CONDITIONS = DEBUG;
				SWIFT_OPTIMIZATION_LEVEL = "-Onone";
			};
			name = Debug;
		};
		D1BA56A524F93A6700988D05 /* Release */ = {
			isa = XCBuildConfiguration;
			buildSettings = {
				ALWAYS_SEARCH_USER_PATHS = NO;
				CLANG_ANALYZER_NONNULL = YES;
				CLANG_ANALYZER_NUMBER_OBJECT_CONVERSION = YES_AGGRESSIVE;
				CLANG_CXX_LANGUAGE_STANDARD = "gnu++14";
				CLANG_CXX_LIBRARY = "libc++";
				CLANG_ENABLE_MODULES = YES;
				CLANG_ENABLE_OBJC_ARC = YES;
				CLANG_ENABLE_OBJC_WEAK = YES;
				CLANG_WARN_BLOCK_CAPTURE_AUTORELEASING = YES;
				CLANG_WARN_BOOL_CONVERSION = YES;
				CLANG_WARN_COMMA = YES;
				CLANG_WARN_CONSTANT_CONVERSION = YES;
				CLANG_WARN_DEPRECATED_OBJC_IMPLEMENTATIONS = YES;
				CLANG_WARN_DIRECT_OBJC_ISA_USAGE = YES_ERROR;
				CLANG_WARN_DOCUMENTATION_COMMENTS = YES;
				CLANG_WARN_EMPTY_BODY = YES;
				CLANG_WARN_ENUM_CONVERSION = YES;
				CLANG_WARN_INFINITE_RECURSION = YES;
				CLANG_WARN_INT_CONVERSION = YES;
				CLANG_WARN_NON_LITERAL_NULL_CONVERSION = YES;
				CLANG_WARN_OBJC_IMPLICIT_RETAIN_SELF = YES;
				CLANG_WARN_OBJC_LITERAL_CONVERSION = YES;
				CLANG_WARN_OBJC_ROOT_CLASS = YES_ERROR;
				CLANG_WARN_RANGE_LOOP_ANALYSIS = YES;
				CLANG_WARN_STRICT_PROTOTYPES = YES;
				CLANG_WARN_SUSPICIOUS_MOVE = YES;
				CLANG_WARN_UNGUARDED_AVAILABILITY = YES_AGGRESSIVE;
				CLANG_WARN_UNREACHABLE_CODE = YES;
				CLANG_WARN__DUPLICATE_METHOD_MATCH = YES;
				COPY_PHASE_STRIP = NO;
				DEBUG_INFORMATION_FORMAT = "dwarf-with-dsym";
				ENABLE_NS_ASSERTIONS = NO;
				ENABLE_STRICT_OBJC_MSGSEND = YES;
				GCC_C_LANGUAGE_STANDARD = gnu11;
				GCC_NO_COMMON_BLOCKS = YES;
				GCC_WARN_64_TO_32_BIT_CONVERSION = YES;
				GCC_WARN_ABOUT_RETURN_TYPE = YES_ERROR;
				GCC_WARN_UNDECLARED_SELECTOR = YES;
				GCC_WARN_UNINITIALIZED_AUTOS = YES_AGGRESSIVE;
				GCC_WARN_UNUSED_FUNCTION = YES;
				GCC_WARN_UNUSED_VARIABLE = YES;
				IPHONEOS_DEPLOYMENT_TARGET = 13.6;
				MTL_ENABLE_DEBUG_INFO = NO;
				MTL_FAST_MATH = YES;
				SDKROOT = iphoneos;
				SWIFT_COMPILATION_MODE = wholemodule;
				SWIFT_OPTIMIZATION_LEVEL = "-O";
				VALIDATE_PRODUCT = YES;
			};
			name = Release;
		};
		D1BA56A724F93A6700988D05 /* Debug */ = {
			isa = XCBuildConfiguration;
			baseConfigurationReference = 609DD7EACC9423565744B743 /* Pods-JWPlayer.debug.xcconfig */;
			buildSettings = {
				ASSETCATALOG_COMPILER_APPICON_NAME = AppIcon;
				CLANG_ENABLE_MODULES = YES;
				CODE_SIGN_STYLE = Automatic;
				INFOPLIST_FILE = JWPlayer/Info.plist;
				LD_RUNPATH_SEARCH_PATHS = (
					"$(inherited)",
					"@executable_path/Frameworks",
				);
				PRODUCT_BUNDLE_IDENTIFIER = com.parra.JWPlayer;
				PRODUCT_NAME = "$(TARGET_NAME)";
				SWIFT_OBJC_BRIDGING_HEADER = "JWPlayer/JWPlayer-Bridging-Header.h";
				SWIFT_OPTIMIZATION_LEVEL = "-Onone";
				SWIFT_VERSION = 5.0;
				TARGETED_DEVICE_FAMILY = "1,2";
			};
			name = Debug;
		};
		D1BA56A824F93A6700988D05 /* Release */ = {
			isa = XCBuildConfiguration;
			baseConfigurationReference = 2118BE977C689DEE397E1017 /* Pods-JWPlayer.release.xcconfig */;
			buildSettings = {
				ASSETCATALOG_COMPILER_APPICON_NAME = AppIcon;
				CLANG_ENABLE_MODULES = YES;
				CODE_SIGN_STYLE = Automatic;
				INFOPLIST_FILE = JWPlayer/Info.plist;
				LD_RUNPATH_SEARCH_PATHS = (
					"$(inherited)",
					"@executable_path/Frameworks",
				);
				PRODUCT_BUNDLE_IDENTIFIER = com.parra.JWPlayer;
				PRODUCT_NAME = "$(TARGET_NAME)";
				SWIFT_OBJC_BRIDGING_HEADER = "JWPlayer/JWPlayer-Bridging-Header.h";
				SWIFT_VERSION = 5.0;
				TARGETED_DEVICE_FAMILY = "1,2";
			};
			name = Release;
		};
		D1BA56AA24F93A6700988D05 /* Debug */ = {
			isa = XCBuildConfiguration;
			baseConfigurationReference = 7D891664023B65E44ED8592D /* Pods-JWPlayerTests.debug.xcconfig */;
			buildSettings = {
				ALWAYS_EMBED_SWIFT_STANDARD_LIBRARIES = YES;
				BUNDLE_LOADER = "$(TEST_HOST)";
				CODE_SIGN_STYLE = Automatic;
				INFOPLIST_FILE = JWPlayerTests/Info.plist;
				IPHONEOS_DEPLOYMENT_TARGET = 13.6;
				LD_RUNPATH_SEARCH_PATHS = (
					"$(inherited)",
					"@executable_path/Frameworks",
					"@loader_path/Frameworks",
				);
				PRODUCT_BUNDLE_IDENTIFIER = com.parra.JWPlayerTests;
				PRODUCT_NAME = "$(TARGET_NAME)";
				SWIFT_VERSION = 5.0;
				TARGETED_DEVICE_FAMILY = "1,2";
				TEST_HOST = "$(BUILT_PRODUCTS_DIR)/JWPlayer.app/JWPlayer";
			};
			name = Debug;
		};
		D1BA56AB24F93A6700988D05 /* Release */ = {
			isa = XCBuildConfiguration;
			baseConfigurationReference = C0E2D88F9FE4313B1158727F /* Pods-JWPlayerTests.release.xcconfig */;
			buildSettings = {
				ALWAYS_EMBED_SWIFT_STANDARD_LIBRARIES = YES;
				BUNDLE_LOADER = "$(TEST_HOST)";
				CODE_SIGN_STYLE = Automatic;
				INFOPLIST_FILE = JWPlayerTests/Info.plist;
				IPHONEOS_DEPLOYMENT_TARGET = 13.6;
				LD_RUNPATH_SEARCH_PATHS = (
					"$(inherited)",
					"@executable_path/Frameworks",
					"@loader_path/Frameworks",
				);
				PRODUCT_BUNDLE_IDENTIFIER = com.parra.JWPlayerTests;
				PRODUCT_NAME = "$(TARGET_NAME)";
				SWIFT_VERSION = 5.0;
				TARGETED_DEVICE_FAMILY = "1,2";
				TEST_HOST = "$(BUILT_PRODUCTS_DIR)/JWPlayer.app/JWPlayer";
			};
			name = Release;
		};
		D1BA56AD24F93A6700988D05 /* Debug */ = {
			isa = XCBuildConfiguration;
			baseConfigurationReference = 95AEFE3D88A9C4548E4CEBC5 /* Pods-JWPlayer-JWPlayerUITests.debug.xcconfig */;
			buildSettings = {
				ALWAYS_EMBED_SWIFT_STANDARD_LIBRARIES = YES;
				CODE_SIGN_STYLE = Automatic;
				INFOPLIST_FILE = JWPlayerUITests/Info.plist;
				LD_RUNPATH_SEARCH_PATHS = (
					"$(inherited)",
					"@executable_path/Frameworks",
					"@loader_path/Frameworks",
				);
				PRODUCT_BUNDLE_IDENTIFIER = com.parra.JWPlayerUITests;
				PRODUCT_NAME = "$(TARGET_NAME)";
				SWIFT_VERSION = 5.0;
				TARGETED_DEVICE_FAMILY = "1,2";
				TEST_TARGET_NAME = JWPlayer;
			};
			name = Debug;
		};
		D1BA56AE24F93A6700988D05 /* Release */ = {
			isa = XCBuildConfiguration;
			baseConfigurationReference = EEA3CAA77F6F29A1C1496C4D /* Pods-JWPlayer-JWPlayerUITests.release.xcconfig */;
			buildSettings = {
				ALWAYS_EMBED_SWIFT_STANDARD_LIBRARIES = YES;
				CODE_SIGN_STYLE = Automatic;
				INFOPLIST_FILE = JWPlayerUITests/Info.plist;
				LD_RUNPATH_SEARCH_PATHS = (
					"$(inherited)",
					"@executable_path/Frameworks",
					"@loader_path/Frameworks",
				);
				PRODUCT_BUNDLE_IDENTIFIER = com.parra.JWPlayerUITests;
				PRODUCT_NAME = "$(TARGET_NAME)";
				SWIFT_VERSION = 5.0;
				TARGETED_DEVICE_FAMILY = "1,2";
				TEST_TARGET_NAME = JWPlayer;
			};
			name = Release;
		};
/* End XCBuildConfiguration section */

/* Begin XCConfigurationList section */
		D1BA567724F93A6400988D05 /* Build configuration list for PBXProject "JWPlayer" */ = {
			isa = XCConfigurationList;
			buildConfigurations = (
				D1BA56A424F93A6700988D05 /* Debug */,
				D1BA56A524F93A6700988D05 /* Release */,
			);
			defaultConfigurationIsVisible = 0;
			defaultConfigurationName = Release;
		};
		D1BA56A624F93A6700988D05 /* Build configuration list for PBXNativeTarget "JWPlayer" */ = {
			isa = XCConfigurationList;
			buildConfigurations = (
				D1BA56A724F93A6700988D05 /* Debug */,
				D1BA56A824F93A6700988D05 /* Release */,
			);
			defaultConfigurationIsVisible = 0;
			defaultConfigurationName = Release;
		};
		D1BA56A924F93A6700988D05 /* Build configuration list for PBXNativeTarget "JWPlayerTests" */ = {
			isa = XCConfigurationList;
			buildConfigurations = (
				D1BA56AA24F93A6700988D05 /* Debug */,
				D1BA56AB24F93A6700988D05 /* Release */,
			);
			defaultConfigurationIsVisible = 0;
			defaultConfigurationName = Release;
		};
		D1BA56AC24F93A6700988D05 /* Build configuration list for PBXNativeTarget "JWPlayerUITests" */ = {
			isa = XCConfigurationList;
			buildConfigurations = (
				D1BA56AD24F93A6700988D05 /* Debug */,
				D1BA56AE24F93A6700988D05 /* Release */,
			);
			defaultConfigurationIsVisible = 0;
			defaultConfigurationName = Release;
		};
/* End XCConfigurationList section */
	};
	rootObject = D1BA567424F93A6400988D05 /* Project object */;
}
